
Microsoft Visual Studio Solution File, Format Version 12.00
# Visual Studio 15
VisualStudioVersion = 15.0.27703.1
MinimumVisualStudioVersion = 10.0.40219.1
Project("{F2A71F9B-5D33-465A-A702-920D77279786}") = "GithubActors", "GithubActors\GithubActors.fsproj", "{A60BACE9-0557-43FB-902C-E67D810BCC9C}"
EndProject
Global
	GlobalSection(SolutionConfigurationPlatforms) = preSolution
		Debug|Any CPU = Debug|Any CPU
		Release|Any CPU = Release|Any CPU
	EndGlobalSection
	GlobalSection(ProjectConfigurationPlatforms) = postSolution
		{A60BACE9-0557-43FB-902C-E67D810BCC9C}.Debug|Any CPU.ActiveCfg = Debug|Any CPU
		{A60BACE9-0557-43FB-902C-E67D810BCC9C}.Debug|Any CPU.Build.0 = Debug|Any CPU
		{A60BACE9-0557-43FB-902C-E67D810BCC9C}.Release|Any CPU.ActiveCfg = Release|Any CPU
		{A60BACE9-0557-43FB-902C-E67D810BCC9C}.Release|Any CPU.Build.0 = Release|Any CPU
	EndGlobalSection
	GlobalSection(SolutionProperties) = preSolution
		HideSolutionNode = FALSE
	EndGlobalSection
	GlobalSection(ExtensibilityGlobals) = postSolution
		SolutionGuid = {B9423EEB-978E-45F9-A3C1-9C823F5E8CCD}
	EndGlobalSection
EndGlobal
